
Microsoft Visual Studio Solution File, Format Version 12.00
# Visual Studio 15
VisualStudioVersion = 15.0.27428.2043
MinimumVisualStudioVersion = 10.0.40219.1
Project("{FAE04EC0-301F-11D3-BF4B-00C04F79EFBC}") = "Yers.Common", "Libraries\Yers.Common\Yers.Common.csproj", "{EEE10D41-5B3C-468D-ADC1-39DC93E31789}"
EndProject
Project("{2150E333-8FDC-42A3-9474-1A3956D46DE8}") = "Libraries", "Libraries", "{9FC7291B-5125-4223-8616-2CD54AD35D8F}"
EndProject
Project("{2150E333-8FDC-42A3-9474-1A3956D46DE8}") = "Tests", "Tests", "{79C847E6-98FB-4FB8-98BB-3EAD84F70EC7}"
EndProject
Project("{2150E333-8FDC-42A3-9474-1A3956D46DE8}") = "Presentation", "Presentation", "{3017EC0E-48A4-41AD-9866-728D4B8A0C24}"
EndProject
Project("{FAE04EC0-301F-11D3-BF4B-00C04F79EFBC}") = "Yers.Tests", "Tests\Yers.AllTests\Yers.Tests.csproj", "{54F12954-F976-49E6-8731-D22F8CE08371}"
EndProject
Project("{FAE04EC0-301F-11D3-BF4B-00C04F79EFBC}") = "Yers.Common.Tests", "Tests\Yers.Common.Tests\Yers.Common.Tests.csproj", "{FC73D069-7B5C-451D-89F7-3509FAF83CE8}"
EndProject
Project("{FAE04EC0-301F-11D3-BF4B-00C04F79EFBC}") = "Yers.Service", "Libraries\Yers.Service\Yers.Service.csproj", "{5E67683C-C413-4E08-A08F-0062BE53829D}"
EndProject
Project("{FAE04EC0-301F-11D3-BF4B-00C04F79EFBC}") = "Yers.DTO", "Libraries\Yers.DTO\Yers.DTO.csproj", "{3B2C9953-63D7-4B56-987B-635505DCF732}"
EndProject
Project("{FAE04EC0-301F-11D3-BF4B-00C04F79EFBC}") = "Yers.IService", "Libraries\Yers.IService\Yers.IService.csproj", "{697B00A5-3AC8-49D9-B8B8-531DA4F569D7}"
EndProject
Project("{FAE04EC0-301F-11D3-BF4B-00C04F79EFBC}") = "Yers.AdminWeb", "Presentation\Yers.AdminWeb\Yers.AdminWeb.csproj", "{BA503906-87CA-4B16-8769-FD730AE1DAAB}"
EndProject
Project("{FAE04EC0-301F-11D3-BF4B-00C04F79EFBC}") = "Yers.FrontWeb", "Presentation\Yers.FrontWeb\Yers.FrontWeb.csproj", "{736E61A0-675A-48FB-A13D-F3B896959CB7}"
EndProject
Project("{FAE04EC0-301F-11D3-BF4B-00C04F79EFBC}") = "Yers.FrameworkWeb", "Presentation\Yers.FrameworkWeb\Yers.FrameworkWeb.csproj", "{12CC713E-7B02-4AD7-9632-02F86C6BE7CC}"
EndProject
Project("{FAE04EC0-301F-11D3-BF4B-00C04F79EFBC}") = "Yers.WxApi", "Libraries\Yers.WxApi\Yers.WxApi.csproj", "{5C391EC4-7932-4F17-AE61-AB3B537C9CA4}"
EndProject
Global
	GlobalSection(SolutionConfigurationPlatforms) = preSolution
		Debug|Any CPU = Debug|Any CPU
		Release|Any CPU = Release|Any CPU
	EndGlobalSection
	GlobalSection(ProjectConfigurationPlatforms) = postSolution
		{EEE10D41-5B3C-468D-ADC1-39DC93E31789}.Debug|Any CPU.ActiveCfg = Debug|Any CPU
		{EEE10D41-5B3C-468D-ADC1-39DC93E31789}.Debug|Any CPU.Build.0 = Debug|Any CPU
		{EEE10D41-5B3C-468D-ADC1-39DC93E31789}.Release|Any CPU.ActiveCfg = Release|Any CPU
		{EEE10D41-5B3C-468D-ADC1-39DC93E31789}.Release|Any CPU.Build.0 = Release|Any CPU
		{54F12954-F976-49E6-8731-D22F8CE08371}.Debug|Any CPU.ActiveCfg = Debug|Any CPU
		{54F12954-F976-49E6-8731-D22F8CE08371}.Debug|Any CPU.Build.0 = Debug|Any CPU
		{54F12954-F976-49E6-8731-D22F8CE08371}.Release|Any CPU.ActiveCfg = Release|Any CPU
		{54F12954-F976-49E6-8731-D22F8CE08371}.Release|Any CPU.Build.0 = Release|Any CPU
		{FC73D069-7B5C-451D-89F7-3509FAF83CE8}.Debug|Any CPU.ActiveCfg = Debug|Any CPU
		{FC73D069-7B5C-451D-89F7-3509FAF83CE8}.Debug|Any CPU.Build.0 = Debug|Any CPU
		{FC73D069-7B5C-451D-89F7-3509FAF83CE8}.Release|Any CPU.ActiveCfg = Release|Any CPU
		{FC73D069-7B5C-451D-89F7-3509FAF83CE8}.Release|Any CPU.Build.0 = Release|Any CPU
		{5E67683C-C413-4E08-A08F-0062BE53829D}.Debug|Any CPU.ActiveCfg = Debug|Any CPU
		{5E67683C-C413-4E08-A08F-0062BE53829D}.Debug|Any CPU.Build.0 = Debug|Any CPU
		{5E67683C-C413-4E08-A08F-0062BE53829D}.Release|Any CPU.ActiveCfg = Release|Any CPU
		{5E67683C-C413-4E08-A08F-0062BE53829D}.Release|Any CPU.Build.0 = Release|Any CPU
		{3B2C9953-63D7-4B56-987B-635505DCF732}.Debug|Any CPU.ActiveCfg = Debug|Any CPU
		{3B2C9953-63D7-4B56-987B-635505DCF732}.Debug|Any CPU.Build.0 = Debug|Any CPU
		{3B2C9953-63D7-4B56-987B-635505DCF732}.Release|Any CPU.ActiveCfg = Release|Any CPU
		{3B2C9953-63D7-4B56-987B-635505DCF732}.Release|Any CPU.Build.0 = Release|Any CPU
		{697B00A5-3AC8-49D9-B8B8-531DA4F569D7}.Debug|Any CPU.ActiveCfg = Debug|Any CPU
		{697B00A5-3AC8-49D9-B8B8-531DA4F569D7}.Debug|Any CPU.Build.0 = Debug|Any CPU
		{697B00A5-3AC8-49D9-B8B8-531DA4F569D7}.Release|Any CPU.ActiveCfg = Release|Any CPU
		{697B00A5-3AC8-49D9-B8B8-531DA4F569D7}.Release|Any CPU.Build.0 = Release|Any CPU
		{BA503906-87CA-4B16-8769-FD730AE1DAAB}.Debug|Any CPU.ActiveCfg = Debug|Any CPU
		{BA503906-87CA-4B16-8769-FD730AE1DAAB}.Debug|Any CPU.Build.0 = Debug|Any CPU
		{BA503906-87CA-4B16-8769-FD730AE1DAAB}.Release|Any CPU.ActiveCfg = Release|Any CPU
		{BA503906-87CA-4B16-8769-FD730AE1DAAB}.Release|Any CPU.Build.0 = Release|Any CPU
		{736E61A0-675A-48FB-A13D-F3B896959CB7}.Debug|Any CPU.ActiveCfg = Debug|Any CPU
		{736E61A0-675A-48FB-A13D-F3B896959CB7}.Debug|Any CPU.Build.0 = Debug|Any CPU
		{736E61A0-675A-48FB-A13D-F3B896959CB7}.Release|Any CPU.ActiveCfg = Release|Any CPU
		{736E61A0-675A-48FB-A13D-F3B896959CB7}.Release|Any CPU.Build.0 = Release|Any CPU
		{12CC713E-7B02-4AD7-9632-02F86C6BE7CC}.Debug|Any CPU.ActiveCfg = Debug|Any CPU
		{12CC713E-7B02-4AD7-9632-02F86C6BE7CC}.Debug|Any CPU.Build.0 = Debug|Any CPU
		{12CC713E-7B02-4AD7-9632-02F86C6BE7CC}.Release|Any CPU.ActiveCfg = Release|Any CPU
		{12CC713E-7B02-4AD7-9632-02F86C6BE7CC}.Release|Any CPU.Build.0 = Release|Any CPU
		{5C391EC4-7932-4F17-AE61-AB3B537C9CA4}.Debug|Any CPU.ActiveCfg = Debug|Any CPU
		{5C391EC4-7932-4F17-AE61-AB3B537C9CA4}.Debug|Any CPU.Build.0 = Debug|Any CPU
		{5C391EC4-7932-4F17-AE61-AB3B537C9CA4}.Release|Any CPU.ActiveCfg = Release|Any CPU
		{5C391EC4-7932-4F17-AE61-AB3B537C9CA4}.Release|Any CPU.Build.0 = Release|Any CPU
	EndGlobalSection
	GlobalSection(SolutionProperties) = preSolution
		HideSolutionNode = FALSE
	EndGlobalSection
	GlobalSection(NestedProjects) = preSolution
		{EEE10D41-5B3C-468D-ADC1-39DC93E31789} = {9FC7291B-5125-4223-8616-2CD54AD35D8F}
		{54F12954-F976-49E6-8731-D22F8CE08371} = {79C847E6-98FB-4FB8-98BB-3EAD84F70EC7}
		{FC73D069-7B5C-451D-89F7-3509FAF83CE8} = {79C847E6-98FB-4FB8-98BB-3EAD84F70EC7}
		{5E67683C-C413-4E08-A08F-0062BE53829D} = {9FC7291B-5125-4223-8616-2CD54AD35D8F}
		{3B2C9953-63D7-4B56-987B-635505DCF732} = {9FC7291B-5125-4223-8616-2CD54AD35D8F}
		{697B00A5-3AC8-49D9-B8B8-531DA4F569D7} = {9FC7291B-5125-4223-8616-2CD54AD35D8F}
		{BA503906-87CA-4B16-8769-FD730AE1DAAB} = {3017EC0E-48A4-41AD-9866-728D4B8A0C24}
		{736E61A0-675A-48FB-A13D-F3B896959CB7} = {3017EC0E-48A4-41AD-9866-728D4B8A0C24}
		{12CC713E-7B02-4AD7-9632-02F86C6BE7CC} = {3017EC0E-48A4-41AD-9866-728D4B8A0C24}
		{5C391EC4-7932-4F17-AE61-AB3B537C9CA4} = {9FC7291B-5125-4223-8616-2CD54AD35D8F}
	EndGlobalSection
	GlobalSection(ExtensibilityGlobals) = postSolution
		SolutionGuid = {EBB0FEA3-A476-43B2-8847-9A98B0B5BE45}
	EndGlobalSection
EndGlobal
